
Microsoft Visual Studio Solution File, Format Version 12.00
# Visual Studio 14
VisualStudioVersion = 14.0.24720.0
MinimumVisualStudioVersion = 10.0.40219.1
Project("{2150E333-8FDC-42A3-9474-1A3956D46DE8}") = "src", "src", "{016B6402-C0C6-4E99-83AA-C6194F37EAC1}"
EndProject
Project("{2150E333-8FDC-42A3-9474-1A3956D46DE8}") = "Solution Items", "Solution Items", "{51BFCDB1-6DC5-4A3F-8B8A-A1B6FCCF4607}"
	ProjectSection(SolutionItems) = preProject
		global.json = global.json
		LICENSE = LICENSE
		README.md = README.md
	EndProjectSection
EndProject
Project("{2150E333-8FDC-42A3-9474-1A3956D46DE8}") = "test", "test", "{C20D865A-0197-46A0-8366-9EB16CFF8740}"
EndProject
Project("{8BB2217D-0F2D-49D1-97BC-3654ED321F3B}") = "ChinaTelecom.Grid.Algorithm", "src\ChinaTelecom.Grid.Algorithm\ChinaTelecom.Grid.Algorithm.xproj", "{DFFF1018-5133-4BC2-A569-3AE0B84F1A17}"
EndProject
Project("{8BB2217D-0F2D-49D1-97BC-3654ED321F3B}") = "ChinaTelecom.Grid.Address", "src\ChinaTelecom.Grid.Address\ChinaTelecom.Grid.Address.xproj", "{0B244455-BA7E-4653-8A42-383447B86014}"
EndProject
Project("{8BB2217D-0F2D-49D1-97BC-3654ED321F3B}") = "ChinaTelecom.Grid.Node", "src\ChinaTelecom.Grid.Node\ChinaTelecom.Grid.Node.xproj", "{CD2BD852-84FD-4DCA-94CD-E218D6EBAA7F}"
EndProject
Project("{8BB2217D-0F2D-49D1-97BC-3654ED321F3B}") = "ChinaTelecom.Grid.Web", "src\ChinaTelecom.Grid.Web\ChinaTelecom.Grid.Web.xproj", "{BBAC953D-5B73-4C84-8476-5538EE571C01}"
EndProject
Project("{8BB2217D-0F2D-49D1-97BC-3654ED321F3B}") = "ChinaTelecom.Grid.SharedModels", "src\ChinaTelecom.Grid.SharedModels\ChinaTelecom.Grid.SharedModels.xproj", "{89D38BFF-B3F9-4C6B-B546-0B8282C65616}"
EndProject
Project("{8BB2217D-0F2D-49D1-97BC-3654ED321F3B}") = "ChinaTelecom.Grid.Address.Tests", "test\ChinaTelecom.Grid.Address.Tests\ChinaTelecom.Grid.Address.Tests.xproj", "{8DF9A460-8E24-4122-99CF-EA5C250CFB2E}"
EndProject
Project("{2150E333-8FDC-42A3-9474-1A3956D46DE8}") = "obsolete", "obsolete", "{320E8A7A-1EBC-4EFA-B0F9-B3C24F616DD6}"
EndProject
Project("{8BB2217D-0F2D-49D1-97BC-3654ED321F3B}") = "ChinaTelecom.Grid", "obsolete\ChinaTelecom.Grid\ChinaTelecom.Grid.xproj", "{D7043F99-25F1-4126-9F2D-91D296F2FE55}"
EndProject
Project("{8BB2217D-0F2D-49D1-97BC-3654ED321F3B}") = "ChinaTelecom.Grid.Caller", "src\ChinaTelecom.Grid.Caller\ChinaTelecom.Grid.Caller.xproj", "{40EC6CD7-13B2-4871-AF61-C6BD4A72D1AD}"
EndProject
Global
	GlobalSection(SolutionConfigurationPlatforms) = preSolution
		Debug|Any CPU = Debug|Any CPU
		Release|Any CPU = Release|Any CPU
	EndGlobalSection
	GlobalSection(ProjectConfigurationPlatforms) = postSolution
		{DFFF1018-5133-4BC2-A569-3AE0B84F1A17}.Debug|Any CPU.ActiveCfg = Debug|Any CPU
		{DFFF1018-5133-4BC2-A569-3AE0B84F1A17}.Debug|Any CPU.Build.0 = Debug|Any CPU
		{DFFF1018-5133-4BC2-A569-3AE0B84F1A17}.Release|Any CPU.ActiveCfg = Release|Any CPU
		{DFFF1018-5133-4BC2-A569-3AE0B84F1A17}.Release|Any CPU.Build.0 = Release|Any CPU
		{0B244455-BA7E-4653-8A42-383447B86014}.Debug|Any CPU.ActiveCfg = Debug|Any CPU
		{0B244455-BA7E-4653-8A42-383447B86014}.Debug|Any CPU.Build.0 = Debug|Any CPU
		{0B244455-BA7E-4653-8A42-383447B86014}.Release|Any CPU.ActiveCfg = Release|Any CPU
		{0B244455-BA7E-4653-8A42-383447B86014}.Release|Any CPU.Build.0 = Release|Any CPU
		{CD2BD852-84FD-4DCA-94CD-E218D6EBAA7F}.Debug|Any CPU.ActiveCfg = Debug|Any CPU
		{CD2BD852-84FD-4DCA-94CD-E218D6EBAA7F}.Debug|Any CPU.Build.0 = Debug|Any CPU
		{CD2BD852-84FD-4DCA-94CD-E218D6EBAA7F}.Release|Any CPU.ActiveCfg = Release|Any CPU
		{CD2BD852-84FD-4DCA-94CD-E218D6EBAA7F}.Release|Any CPU.Build.0 = Release|Any CPU
		{BBAC953D-5B73-4C84-8476-5538EE571C01}.Debug|Any CPU.ActiveCfg = Debug|Any CPU
		{BBAC953D-5B73-4C84-8476-5538EE571C01}.Debug|Any CPU.Build.0 = Debug|Any CPU
		{BBAC953D-5B73-4C84-8476-5538EE571C01}.Release|Any CPU.ActiveCfg = Release|Any CPU
		{BBAC953D-5B73-4C84-8476-5538EE571C01}.Release|Any CPU.Build.0 = Release|Any CPU
		{89D38BFF-B3F9-4C6B-B546-0B8282C65616}.Debug|Any CPU.ActiveCfg = Debug|Any CPU
		{89D38BFF-B3F9-4C6B-B546-0B8282C65616}.Debug|Any CPU.Build.0 = Debug|Any CPU
		{89D38BFF-B3F9-4C6B-B546-0B8282C65616}.Release|Any CPU.ActiveCfg = Release|Any CPU
		{89D38BFF-B3F9-4C6B-B546-0B8282C65616}.Release|Any CPU.Build.0 = Release|Any CPU
		{8DF9A460-8E24-4122-99CF-EA5C250CFB2E}.Debug|Any CPU.ActiveCfg = Debug|Any CPU
		{8DF9A460-8E24-4122-99CF-EA5C250CFB2E}.Debug|Any CPU.Build.0 = Debug|Any CPU
		{8DF9A460-8E24-4122-99CF-EA5C250CFB2E}.Release|Any CPU.ActiveCfg = Release|Any CPU
		{8DF9A460-8E24-4122-99CF-EA5C250CFB2E}.Release|Any CPU.Build.0 = Release|Any CPU
		{D7043F99-25F1-4126-9F2D-91D296F2FE55}.Debug|Any CPU.ActiveCfg = Debug|Any CPU
		{D7043F99-25F1-4126-9F2D-91D296F2FE55}.Debug|Any CPU.Build.0 = Debug|Any CPU
		{D7043F99-25F1-4126-9F2D-91D296F2FE55}.Release|Any CPU.ActiveCfg = Release|Any CPU
		{D7043F99-25F1-4126-9F2D-91D296F2FE55}.Release|Any CPU.Build.0 = Release|Any CPU
		{40EC6CD7-13B2-4871-AF61-C6BD4A72D1AD}.Debug|Any CPU.ActiveCfg = Debug|Any CPU
		{40EC6CD7-13B2-4871-AF61-C6BD4A72D1AD}.Debug|Any CPU.Build.0 = Debug|Any CPU
		{40EC6CD7-13B2-4871-AF61-C6BD4A72D1AD}.Release|Any CPU.ActiveCfg = Release|Any CPU
		{40EC6CD7-13B2-4871-AF61-C6BD4A72D1AD}.Release|Any CPU.Build.0 = Release|Any CPU
	EndGlobalSection
	GlobalSection(SolutionProperties) = preSolution
		HideSolutionNode = FALSE
	EndGlobalSection
	GlobalSection(NestedProjects) = preSolution
		{DFFF1018-5133-4BC2-A569-3AE0B84F1A17} = {016B6402-C0C6-4E99-83AA-C6194F37EAC1}
		{0B244455-BA7E-4653-8A42-383447B86014} = {016B6402-C0C6-4E99-83AA-C6194F37EAC1}
		{CD2BD852-84FD-4DCA-94CD-E218D6EBAA7F} = {016B6402-C0C6-4E99-83AA-C6194F37EAC1}
		{BBAC953D-5B73-4C84-8476-5538EE571C01} = {016B6402-C0C6-4E99-83AA-C6194F37EAC1}
		{89D38BFF-B3F9-4C6B-B546-0B8282C65616} = {016B6402-C0C6-4E99-83AA-C6194F37EAC1}
		{8DF9A460-8E24-4122-99CF-EA5C250CFB2E} = {C20D865A-0197-46A0-8366-9EB16CFF8740}
		{D7043F99-25F1-4126-9F2D-91D296F2FE55} = {320E8A7A-1EBC-4EFA-B0F9-B3C24F616DD6}
		{40EC6CD7-13B2-4871-AF61-C6BD4A72D1AD} = {016B6402-C0C6-4E99-83AA-C6194F37EAC1}
	EndGlobalSection
EndGlobal
